
Microsoft Visual Studio Solution File, Format Version 12.00
# Visual Studio 15
VisualStudioVersion = 15.0.28010.2048
MinimumVisualStudioVersion = 10.0.40219.1
Project("{FAE04EC0-301F-11D3-BF4B-00C04F79EFBC}") = "6kyu", "6kyu\6kyu.csproj", "{8555626B-8946-48AF-AE29-4CBD5B007230}"
EndProject
Project("{FAE04EC0-301F-11D3-BF4B-00C04F79EFBC}") = "6kyuTests", "6kyuTests\6kyuTests.csproj", "{B50B1E95-6966-4245-9E48-B8C2825788BE}"
EndProject
Global
	GlobalSection(SolutionConfigurationPlatforms) = preSolution
		Debug|Any CPU = Debug|Any CPU
		Release|Any CPU = Release|Any CPU
	EndGlobalSection
	GlobalSection(ProjectConfigurationPlatforms) = postSolution
		{8555626B-8946-48AF-AE29-4CBD5B007230}.Debug|Any CPU.ActiveCfg = Debug|Any CPU
		{8555626B-8946-48AF-AE29-4CBD5B007230}.Debug|Any CPU.Build.0 = Debug|Any CPU
		{8555626B-8946-48AF-AE29-4CBD5B007230}.Release|Any CPU.ActiveCfg = Release|Any CPU
		{8555626B-8946-48AF-AE29-4CBD5B007230}.Release|Any CPU.Build.0 = Release|Any CPU
		{B50B1E95-6966-4245-9E48-B8C2825788BE}.Debug|Any CPU.ActiveCfg = Debug|Any CPU
		{B50B1E95-6966-4245-9E48-B8C2825788BE}.Debug|Any CPU.Build.0 = Debug|Any CPU
		{B50B1E95-6966-4245-9E48-B8C2825788BE}.Release|Any CPU.ActiveCfg = Release|Any CPU
		{B50B1E95-6966-4245-9E48-B8C2825788BE}.Release|Any CPU.Build.0 = Release|Any CPU
	EndGlobalSection
	GlobalSection(SolutionProperties) = preSolution
		HideSolutionNode = FALSE
	EndGlobalSection
	GlobalSection(ExtensibilityGlobals) = postSolution
		SolutionGuid = {2B27ECA2-8085-4FAA-BB50-EA91A18A6FF9}
	EndGlobalSection
EndGlobal
